
Microsoft Visual Studio Solution File, Format Version 12.00
# Visual Studio 15
VisualStudioVersion = 15.0.27004.2008
MinimumVisualStudioVersion = 10.0.40219.1
Project("{FAE04EC0-301F-11D3-BF4B-00C04F79EFBC}") = "TaskList", "TaskList\TaskList.csproj", "{E116902D-9DC0-42A6-B45B-31B345DD5F37}"
EndProject
Project("{FAE04EC0-301F-11D3-BF4B-00C04F79EFBC}") = "TaskList.Domain", "TaskList.Domain\TaskList.Domain.csproj", "{1D89533D-F077-48C3-B9A5-3B8698803C7F}"
EndProject
Project("{FAE04EC0-301F-11D3-BF4B-00C04F79EFBC}") = "TaskList.Service", "TaskList.Service\TaskList.Service.csproj", "{5797D4AD-5373-4762-A71E-1A1F592496B6}"
EndProject
Project("{FAE04EC0-301F-11D3-BF4B-00C04F79EFBC}") = "TaskList.Infrastructure", "TaskList.Infrastructure\TaskList.Infrastructure.csproj", "{7268BDFC-8D5A-4ED1-AE77-BE380E7D92CE}"
EndProject
Project("{2150E333-8FDC-42A3-9474-1A3956D46DE8}") = "CrossCutting", "CrossCutting", "{869A810C-5FE5-472D-8207-073DAE20DA7C}"
EndProject
Project("{FAE04EC0-301F-11D3-BF4B-00C04F79EFBC}") = "CrossCutting.DependecyResolver", "CrossCutting.DependecyResolver\CrossCutting.DependecyResolver.csproj", "{96A253CE-138E-4E1F-AC30-2C160EFC6720}"
EndProject
Global
	GlobalSection(SolutionConfigurationPlatforms) = preSolution
		Debug|Any CPU = Debug|Any CPU
		Release|Any CPU = Release|Any CPU
	EndGlobalSection
	GlobalSection(ProjectConfigurationPlatforms) = postSolution
		{E116902D-9DC0-42A6-B45B-31B345DD5F37}.Debug|Any CPU.ActiveCfg = Debug|Any CPU
		{E116902D-9DC0-42A6-B45B-31B345DD5F37}.Debug|Any CPU.Build.0 = Debug|Any CPU
		{E116902D-9DC0-42A6-B45B-31B345DD5F37}.Release|Any CPU.ActiveCfg = Release|Any CPU
		{E116902D-9DC0-42A6-B45B-31B345DD5F37}.Release|Any CPU.Build.0 = Release|Any CPU
		{1D89533D-F077-48C3-B9A5-3B8698803C7F}.Debug|Any CPU.ActiveCfg = Debug|Any CPU
		{1D89533D-F077-48C3-B9A5-3B8698803C7F}.Debug|Any CPU.Build.0 = Debug|Any CPU
		{1D89533D-F077-48C3-B9A5-3B8698803C7F}.Release|Any CPU.ActiveCfg = Release|Any CPU
		{1D89533D-F077-48C3-B9A5-3B8698803C7F}.Release|Any CPU.Build.0 = Release|Any CPU
		{5797D4AD-5373-4762-A71E-1A1F592496B6}.Debug|Any CPU.ActiveCfg = Debug|Any CPU
		{5797D4AD-5373-4762-A71E-1A1F592496B6}.Debug|Any CPU.Build.0 = Debug|Any CPU
		{5797D4AD-5373-4762-A71E-1A1F592496B6}.Release|Any CPU.ActiveCfg = Release|Any CPU
		{5797D4AD-5373-4762-A71E-1A1F592496B6}.Release|Any CPU.Build.0 = Release|Any CPU
		{7268BDFC-8D5A-4ED1-AE77-BE380E7D92CE}.Debug|Any CPU.ActiveCfg = Debug|Any CPU
		{7268BDFC-8D5A-4ED1-AE77-BE380E7D92CE}.Debug|Any CPU.Build.0 = Debug|Any CPU
		{7268BDFC-8D5A-4ED1-AE77-BE380E7D92CE}.Release|Any CPU.ActiveCfg = Release|Any CPU
		{7268BDFC-8D5A-4ED1-AE77-BE380E7D92CE}.Release|Any CPU.Build.0 = Release|Any CPU
		{96A253CE-138E-4E1F-AC30-2C160EFC6720}.Debug|Any CPU.ActiveCfg = Debug|Any CPU
		{96A253CE-138E-4E1F-AC30-2C160EFC6720}.Debug|Any CPU.Build.0 = Debug|Any CPU
		{96A253CE-138E-4E1F-AC30-2C160EFC6720}.Release|Any CPU.ActiveCfg = Release|Any CPU
		{96A253CE-138E-4E1F-AC30-2C160EFC6720}.Release|Any CPU.Build.0 = Release|Any CPU
	EndGlobalSection
	GlobalSection(SolutionProperties) = preSolution
		HideSolutionNode = FALSE
	EndGlobalSection
	GlobalSection(NestedProjects) = preSolution
		{96A253CE-138E-4E1F-AC30-2C160EFC6720} = {869A810C-5FE5-472D-8207-073DAE20DA7C}
	EndGlobalSection
	GlobalSection(ExtensibilityGlobals) = postSolution
		SolutionGuid = {23C6E01F-816B-4BC5-9078-14A4601C5A97}
	EndGlobalSection
EndGlobal
